
Microsoft Visual Studio Solution File, Format Version 12.00
# Visual Studio Version 17
VisualStudioVersion = 17.9.34728.123
MinimumVisualStudioVersion = 10.0.40219.1
Project("{9A19103F-16F7-4668-BE54-9A1E7A4F7556}") = "Models", "Models\Models.csproj", "{557EFCEC-CB0C-4527-9833-059E185ECA28}"
EndProject
Project("{9A19103F-16F7-4668-BE54-9A1E7A4F7556}") = "Repositories", "Repositories\Repositories.csproj", "{3D3146BE-C454-497D-8B3A-B6A7B0608D5F}"
EndProject
Project("{9A19103F-16F7-4668-BE54-9A1E7A4F7556}") = "AndreVehicles.CarAPI", "AndreVehicles.CarAPI\AndreVehicles.CarAPI.csproj", "{B7EE9C24-1F9C-4BB8-AF73-9416A47AAA27}"
EndProject
Project("{9A19103F-16F7-4668-BE54-9A1E7A4F7556}") = "AndreVehicles.OperationAPI", "AndreVehicles.OperationAPI\AndreVehicles.OperationAPI.csproj", "{94A141E3-F3B2-462A-A6A2-32C5A5274045}"
EndProject
Project("{9A19103F-16F7-4668-BE54-9A1E7A4F7556}") = "AndreVehicles.CarOperationAPI", "AndreVehicles.CarOperationAPI\AndreVehicles.CarOperationAPI.csproj", "{AA35AA05-F269-4347-9378-8C211887FB60}"
EndProject
Project("{9A19103F-16F7-4668-BE54-9A1E7A4F7556}") = "AndreVehicles.CustomerAPI", "AndreVehicles.CustomerAPI\AndreVehicles.CustomerAPI.csproj", "{84CFAF9A-76E8-47F9-B255-741AC5ABFA70}"
EndProject
Project("{9A19103F-16F7-4668-BE54-9A1E7A4F7556}") = "AndreVehicles.EmployeeAPI", "AndreVehicles.EmployeeAPI\AndreVehicles.EmployeeAPI.csproj", "{189CC283-4A27-486A-B493-CC7AD8696A90}"
EndProject
Project("{9A19103F-16F7-4668-BE54-9A1E7A4F7556}") = "AndreVehicles.PaymentAPI", "AndreVehicles.PaymentAPI\AndreVehicles.PaymentAPI.csproj", "{1EF10613-8883-4C82-A327-AE7FAC70BF48}"
EndProject
Project("{9A19103F-16F7-4668-BE54-9A1E7A4F7556}") = "AndreVehicles.SaleAPI", "AndreVehicles.SaleAPI\AndreVehicles.SaleAPI.csproj", "{2AF8B978-3E4E-499F-B7D1-270C5904BF0F}"
EndProject
Project("{9A19103F-16F7-4668-BE54-9A1E7A4F7556}") = "AndreVehicles.PurchaseAPI", "AndreVehicles.PurchaseAPI\AndreVehicles.PurchaseAPI.csproj", "{95FF5813-0F30-4F6A-B2C1-CEA54B884CCE}"
EndProject
Project("{9A19103F-16F7-4668-BE54-9A1E7A4F7556}") = "Services", "Services\Services.csproj", "{7957F968-7C64-4691-8B4A-3CF7CD65EB49}"
EndProject
Project("{9A19103F-16F7-4668-BE54-9A1E7A4F7556}") = "AndreVehicles.AddressAPI", "AndreVehicles.AddressAPI\AndreVehicles.AddressAPI.csproj", "{947EF149-37C8-45FD-98EE-04AAFA4A283A}"
EndProject
Project("{9A19103F-16F7-4668-BE54-9A1E7A4F7556}") = "AndreVehicles.DependentAPI", "AndreVehicles.DependentAPI\AndreVehicles.DependentAPI.csproj", "{EEC6D647-8BD5-496B-AE9C-6104585FD893}"
EndProject
Project("{9A19103F-16F7-4668-BE54-9A1E7A4F7556}") = "AndreVehicles.TermsOfUseAPI", "AndreVehicles.TermsOfUseAPI\AndreVehicles.TermsOfUseAPI.csproj", "{B04B1C84-8242-4B01-BD06-0D8AE6AC58CC}"
EndProject
Project("{9A19103F-16F7-4668-BE54-9A1E7A4F7556}") = "AndreVehicles.BankAPI", "AndreVehicles.BankAPI\AndreVehicles.BankAPI.csproj", "{376B27BC-7294-4BDC-A6C3-C459197DAF06}"
EndProject
Project("{9A19103F-16F7-4668-BE54-9A1E7A4F7556}") = "AndreVehicles.FinancialPendingAPI", "AndreVehicles.FinancialPendingAPI\AndreVehicles.FinancialPendingAPI.csproj", "{F4B2ED95-D228-461A-A6CD-76A21250F08D}"
EndProject
Project("{FAE04EC0-301F-11D3-BF4B-00C04F79EFBC}") = "AndreVehicles.Test", "AndreVehicles.Test\AndreVehicles.Test.csproj", "{2AE87D6A-DD69-4550-B898-90323B22E92E}"
EndProject
Project("{FAE04EC0-301F-11D3-BF4B-00C04F79EFBC}") = "AndreVehicles.CarFinancingAPI", "AndreVehicles.CarFinancingAPI\AndreVehicles.CarFinancingAPI.csproj", "{1E6616C7-07DB-48BC-92D5-8755FEF75298}"
EndProject
Project("{FAE04EC0-301F-11D3-BF4B-00C04F79EFBC}") = "AndreVehicles.DriverAPI", "AndreVehicles.DriverAPI\AndreVehicles.DriverAPI.csproj", "{24174565-8941-44CB-AAE7-C1BD7B5D6DDF}"
EndProject
Global
	GlobalSection(SolutionConfigurationPlatforms) = preSolution
		Debug|Any CPU = Debug|Any CPU
		Release|Any CPU = Release|Any CPU
	EndGlobalSection
	GlobalSection(ProjectConfigurationPlatforms) = postSolution
		{557EFCEC-CB0C-4527-9833-059E185ECA28}.Debug|Any CPU.ActiveCfg = Debug|Any CPU
		{557EFCEC-CB0C-4527-9833-059E185ECA28}.Debug|Any CPU.Build.0 = Debug|Any CPU
		{557EFCEC-CB0C-4527-9833-059E185ECA28}.Release|Any CPU.ActiveCfg = Release|Any CPU
		{557EFCEC-CB0C-4527-9833-059E185ECA28}.Release|Any CPU.Build.0 = Release|Any CPU
		{3D3146BE-C454-497D-8B3A-B6A7B0608D5F}.Debug|Any CPU.ActiveCfg = Debug|Any CPU
		{3D3146BE-C454-497D-8B3A-B6A7B0608D5F}.Debug|Any CPU.Build.0 = Debug|Any CPU
		{3D3146BE-C454-497D-8B3A-B6A7B0608D5F}.Release|Any CPU.ActiveCfg = Release|Any CPU
		{3D3146BE-C454-497D-8B3A-B6A7B0608D5F}.Release|Any CPU.Build.0 = Release|Any CPU
		{B7EE9C24-1F9C-4BB8-AF73-9416A47AAA27}.Debug|Any CPU.ActiveCfg = Debug|Any CPU
		{B7EE9C24-1F9C-4BB8-AF73-9416A47AAA27}.Debug|Any CPU.Build.0 = Debug|Any CPU
		{B7EE9C24-1F9C-4BB8-AF73-9416A47AAA27}.Release|Any CPU.ActiveCfg = Release|Any CPU
		{B7EE9C24-1F9C-4BB8-AF73-9416A47AAA27}.Release|Any CPU.Build.0 = Release|Any CPU
		{94A141E3-F3B2-462A-A6A2-32C5A5274045}.Debug|Any CPU.ActiveCfg = Debug|Any CPU
		{94A141E3-F3B2-462A-A6A2-32C5A5274045}.Debug|Any CPU.Build.0 = Debug|Any CPU
		{94A141E3-F3B2-462A-A6A2-32C5A5274045}.Release|Any CPU.ActiveCfg = Release|Any CPU
		{94A141E3-F3B2-462A-A6A2-32C5A5274045}.Release|Any CPU.Build.0 = Release|Any CPU
		{AA35AA05-F269-4347-9378-8C211887FB60}.Debug|Any CPU.ActiveCfg = Debug|Any CPU
		{AA35AA05-F269-4347-9378-8C211887FB60}.Debug|Any CPU.Build.0 = Debug|Any CPU
		{AA35AA05-F269-4347-9378-8C211887FB60}.Release|Any CPU.ActiveCfg = Release|Any CPU
		{AA35AA05-F269-4347-9378-8C211887FB60}.Release|Any CPU.Build.0 = Release|Any CPU
		{84CFAF9A-76E8-47F9-B255-741AC5ABFA70}.Debug|Any CPU.ActiveCfg = Debug|Any CPU
		{84CFAF9A-76E8-47F9-B255-741AC5ABFA70}.Debug|Any CPU.Build.0 = Debug|Any CPU
		{84CFAF9A-76E8-47F9-B255-741AC5ABFA70}.Release|Any CPU.ActiveCfg = Release|Any CPU
		{84CFAF9A-76E8-47F9-B255-741AC5ABFA70}.Release|Any CPU.Build.0 = Release|Any CPU
		{189CC283-4A27-486A-B493-CC7AD8696A90}.Debug|Any CPU.ActiveCfg = Debug|Any CPU
		{189CC283-4A27-486A-B493-CC7AD8696A90}.Debug|Any CPU.Build.0 = Debug|Any CPU
		{189CC283-4A27-486A-B493-CC7AD8696A90}.Release|Any CPU.ActiveCfg = Release|Any CPU
		{189CC283-4A27-486A-B493-CC7AD8696A90}.Release|Any CPU.Build.0 = Release|Any CPU
		{1EF10613-8883-4C82-A327-AE7FAC70BF48}.Debug|Any CPU.ActiveCfg = Debug|Any CPU
		{1EF10613-8883-4C82-A327-AE7FAC70BF48}.Debug|Any CPU.Build.0 = Debug|Any CPU
		{1EF10613-8883-4C82-A327-AE7FAC70BF48}.Release|Any CPU.ActiveCfg = Release|Any CPU
		{1EF10613-8883-4C82-A327-AE7FAC70BF48}.Release|Any CPU.Build.0 = Release|Any CPU
		{2AF8B978-3E4E-499F-B7D1-270C5904BF0F}.Debug|Any CPU.ActiveCfg = Debug|Any CPU
		{2AF8B978-3E4E-499F-B7D1-270C5904BF0F}.Debug|Any CPU.Build.0 = Debug|Any CPU
		{2AF8B978-3E4E-499F-B7D1-270C5904BF0F}.Release|Any CPU.ActiveCfg = Release|Any CPU
		{2AF8B978-3E4E-499F-B7D1-270C5904BF0F}.Release|Any CPU.Build.0 = Release|Any CPU
		{95FF5813-0F30-4F6A-B2C1-CEA54B884CCE}.Debug|Any CPU.ActiveCfg = Debug|Any CPU
		{95FF5813-0F30-4F6A-B2C1-CEA54B884CCE}.Debug|Any CPU.Build.0 = Debug|Any CPU
		{95FF5813-0F30-4F6A-B2C1-CEA54B884CCE}.Release|Any CPU.ActiveCfg = Release|Any CPU
		{95FF5813-0F30-4F6A-B2C1-CEA54B884CCE}.Release|Any CPU.Build.0 = Release|Any CPU
		{7957F968-7C64-4691-8B4A-3CF7CD65EB49}.Debug|Any CPU.ActiveCfg = Debug|Any CPU
		{7957F968-7C64-4691-8B4A-3CF7CD65EB49}.Debug|Any CPU.Build.0 = Debug|Any CPU
		{7957F968-7C64-4691-8B4A-3CF7CD65EB49}.Release|Any CPU.ActiveCfg = Release|Any CPU
		{7957F968-7C64-4691-8B4A-3CF7CD65EB49}.Release|Any CPU.Build.0 = Release|Any CPU
		{947EF149-37C8-45FD-98EE-04AAFA4A283A}.Debug|Any CPU.ActiveCfg = Debug|Any CPU
		{947EF149-37C8-45FD-98EE-04AAFA4A283A}.Debug|Any CPU.Build.0 = Debug|Any CPU
		{947EF149-37C8-45FD-98EE-04AAFA4A283A}.Release|Any CPU.ActiveCfg = Release|Any CPU
		{947EF149-37C8-45FD-98EE-04AAFA4A283A}.Release|Any CPU.Build.0 = Release|Any CPU
		{EEC6D647-8BD5-496B-AE9C-6104585FD893}.Debug|Any CPU.ActiveCfg = Debug|Any CPU
		{EEC6D647-8BD5-496B-AE9C-6104585FD893}.Debug|Any CPU.Build.0 = Debug|Any CPU
		{EEC6D647-8BD5-496B-AE9C-6104585FD893}.Release|Any CPU.ActiveCfg = Release|Any CPU
		{EEC6D647-8BD5-496B-AE9C-6104585FD893}.Release|Any CPU.Build.0 = Release|Any CPU
		{B04B1C84-8242-4B01-BD06-0D8AE6AC58CC}.Debug|Any CPU.ActiveCfg = Debug|Any CPU
		{B04B1C84-8242-4B01-BD06-0D8AE6AC58CC}.Debug|Any CPU.Build.0 = Debug|Any CPU
		{B04B1C84-8242-4B01-BD06-0D8AE6AC58CC}.Release|Any CPU.ActiveCfg = Release|Any CPU
		{B04B1C84-8242-4B01-BD06-0D8AE6AC58CC}.Release|Any CPU.Build.0 = Release|Any CPU
		{376B27BC-7294-4BDC-A6C3-C459197DAF06}.Debug|Any CPU.ActiveCfg = Debug|Any CPU
		{376B27BC-7294-4BDC-A6C3-C459197DAF06}.Debug|Any CPU.Build.0 = Debug|Any CPU
		{376B27BC-7294-4BDC-A6C3-C459197DAF06}.Release|Any CPU.ActiveCfg = Release|Any CPU
		{376B27BC-7294-4BDC-A6C3-C459197DAF06}.Release|Any CPU.Build.0 = Release|Any CPU
		{F4B2ED95-D228-461A-A6CD-76A21250F08D}.Debug|Any CPU.ActiveCfg = Debug|Any CPU
		{F4B2ED95-D228-461A-A6CD-76A21250F08D}.Debug|Any CPU.Build.0 = Debug|Any CPU
		{F4B2ED95-D228-461A-A6CD-76A21250F08D}.Release|Any CPU.ActiveCfg = Release|Any CPU
		{F4B2ED95-D228-461A-A6CD-76A21250F08D}.Release|Any CPU.Build.0 = Release|Any CPU
		{2AE87D6A-DD69-4550-B898-90323B22E92E}.Debug|Any CPU.ActiveCfg = Debug|Any CPU
		{2AE87D6A-DD69-4550-B898-90323B22E92E}.Debug|Any CPU.Build.0 = Debug|Any CPU
		{2AE87D6A-DD69-4550-B898-90323B22E92E}.Release|Any CPU.ActiveCfg = Release|Any CPU
		{2AE87D6A-DD69-4550-B898-90323B22E92E}.Release|Any CPU.Build.0 = Release|Any CPU
		{1E6616C7-07DB-48BC-92D5-8755FEF75298}.Debug|Any CPU.ActiveCfg = Debug|Any CPU
		{1E6616C7-07DB-48BC-92D5-8755FEF75298}.Debug|Any CPU.Build.0 = Debug|Any CPU
		{1E6616C7-07DB-48BC-92D5-8755FEF75298}.Release|Any CPU.ActiveCfg = Release|Any CPU
		{1E6616C7-07DB-48BC-92D5-8755FEF75298}.Release|Any CPU.Build.0 = Release|Any CPU
		{24174565-8941-44CB-AAE7-C1BD7B5D6DDF}.Debug|Any CPU.ActiveCfg = Debug|Any CPU
		{24174565-8941-44CB-AAE7-C1BD7B5D6DDF}.Debug|Any CPU.Build.0 = Debug|Any CPU
		{24174565-8941-44CB-AAE7-C1BD7B5D6DDF}.Release|Any CPU.ActiveCfg = Release|Any CPU
		{24174565-8941-44CB-AAE7-C1BD7B5D6DDF}.Release|Any CPU.Build.0 = Release|Any CPU
	EndGlobalSection
	GlobalSection(SolutionProperties) = preSolution
		HideSolutionNode = FALSE
	EndGlobalSection
	GlobalSection(ExtensibilityGlobals) = postSolution
		SolutionGuid = {80CF296A-0289-4B15-B0A5-2A847A9E19FD}
	EndGlobalSection
EndGlobal
